// !$*UTF8*$!
{
	archiveVersion = 1;
	classes = {
	};
	objectVersion = 46;
	objects = {

/* Begin PBXBuildFile section */
		CC0955F31CBC620000B6A389 /* ScrollerViewController.swift in Sources */ = {isa = PBXBuildFile; fileRef = CC0955F21CBC620000B6A389 /* ScrollerViewController.swift */; };
		CCD6C2C51CBACB4F005B01B2 /* AppDelegate.swift in Sources */ = {isa = PBXBuildFile; fileRef = CCD6C2C41CBACB4F005B01B2 /* AppDelegate.swift */; };
		CCD6C2CA1CBACB4F005B01B2 /* Main.storyboard in Resources */ = {isa = PBXBuildFile; fileRef = CCD6C2C81CBACB4F005B01B2 /* Main.storyboard */; };
		CCD6C2CC1CBACB4F005B01B2 /* Assets.xcassets in Resources */ = {isa = PBXBuildFile; fileRef = CCD6C2CB1CBACB4F005B01B2 /* Assets.xcassets */; };
		CCD6C2CF1CBACB4F005B01B2 /* LaunchScreen.storyboard in Resources */ = {isa = PBXBuildFile; fileRef = CCD6C2CD1CBACB4F005B01B2 /* LaunchScreen.storyboard */; };
		CCD6C2DA1CBACB4F005B01B2 /* Hour09ScrollerTests.swift in Sources */ = {isa = PBXBuildFile; fileRef = CCD6C2D91CBACB4F005B01B2 /* Hour09ScrollerTests.swift */; };
/* End PBXBuildFile section */

/* Begin PBXContainerItemProxy section */
		CCD6C2D61CBACB4F005B01B2 /* PBXContainerItemProxy */ = {
			isa = PBXContainerItemProxy;
			containerPortal = CCD6C2B91CBACB4F005B01B2 /* Project object */;
			proxyType = 1;
			remoteGlobalIDString = CCD6C2C01CBACB4F005B01B2;
			remoteInfo = Hour09Scroller;
		};
/* End PBXContainerItemProxy section */

/* Begin PBXFileReference section */
		CC0955F21CBC620000B6A389 /* ScrollerViewController.swift */ = {isa = PBXFileReference; fileEncoding = 4; lastKnownFileType = sourcecode.swift; path = ScrollerViewController.swift; sourceTree = "<group>"; };
		CCD6C2C11CBACB4F005B01B2 /* Hour09Scroller.app */ = {isa = PBXFileReference; explicitFileType = wrapper.application; includeInIndex = 0; path = Hour09Scroller.app; sourceTree = BUILT_PRODUCTS_DIR; };
		CCD6C2C41CBACB4F005B01B2 /* AppDelegate.swift */ = {isa = PBXFileReference; lastKnownFileType = sourcecode.swift; path = AppDelegate.swift; sourceTree = "<group>"; };
		CCD6C2C91CBACB4F005B01B2 /* Base */ = {isa = PBXFileReference; lastKnownFileType = file.storyboard; name = Base; path = Base.lproj/Main.storyboard; sourceTree = "<group>"; };
		CCD6C2CB1CBACB4F005B01B2 /* Assets.xcassets */ = {isa = PBXFileReference; lastKnownFileType = folder.assetcatalog; path = Assets.xcassets; sourceTree = "<group>"; };
		CCD6C2CE1CBACB4F005B01B2 /* Base */ = {isa = PBXFileReference; lastKnownFileType = file.storyboard; name = Base; path = Base.lproj/LaunchScreen.storyboard; sourceTree = "<group>"; };
		CCD6C2D01CBACB4F005B01B2 /* Info.plist */ = {isa = PBXFileReference; lastKnownFileType = text.plist.xml; path = Info.plist; sourceTree = "<group>"; };
		CCD6C2D51CBACB4F005B01B2 /* Hour09ScrollerTests.xctest */ = {isa = PBXFileReference; explicitFileType = wrapper.cfbundle; includeInIndex = 0; path = Hour09ScrollerTests.xctest; sourceTree = BUILT_PRODUCTS_DIR; };
		CCD6C2D91CBACB4F005B01B2 /* Hour09ScrollerTests.swift */ = {isa = PBXFileReference; lastKnownFileType = sourcecode.swift; path = Hour09ScrollerTests.swift; sourceTree = "<group>"; };
		CCD6C2DB1CBACB4F005B01B2 /* Info.plist */ = {isa = PBXFileReference; lastKnownFileType = text.plist.xml; path = Info.plist; sourceTree = "<group>"; };
/* End PBXFileReference section */

/* Begin PBXFrameworksBuildPhase section */
		CCD6C2BE1CBACB4F005B01B2 /* Frameworks */ = {
			isa = PBXFrameworksBuildPhase;
			buildActionMask = 2147483647;
			files = (
			);
			runOnlyForDeploymentPostprocessing = 0;
		};
		CCD6C2D21CBACB4F005B01B2 /* Frameworks */ = {
			isa = PBXFrameworksBuildPhase;
			buildActionMask = 2147483647;
			files = (
			);
			runOnlyForDeploymentPostprocessing = 0;
		};
/* End PBXFrameworksBuildPhase section */

/* Begin PBXGroup section */
		CCD6C2B81CBACB4F005B01B2 = {
			isa = PBXGroup;
			children = (
				CCD6C2C31CBACB4F005B01B2 /* Hour09Scroller */,
				CCD6C2D81CBACB4F005B01B2 /* Hour09ScrollerTests */,
				CCD6C2C21CBACB4F005B01B2 /* Products */,
			);
			sourceTree = "<group>";
		};
		CCD6C2C21CBACB4F005B01B2 /* Products */ = {
			isa = PBXGroup;
			children = (
				CCD6C2C11CBACB4F005B01B2 /* Hour09Scroller.app */,
				CCD6C2D51CBACB4F005B01B2 /* Hour09ScrollerTests.xctest */,
			);
			name = Products;
			sourceTree = "<group>";
		};
		CCD6C2C31CBACB4F005B01B2 /* Hour09Scroller */ = {
			isa = PBXGroup;
			children = (
				CCD6C2C41CBACB4F005B01B2 /* AppDelegate.swift */,
				CCD6C2C81CBACB4F005B01B2 /* Main.storyboard */,
				CCD6C2CB1CBACB4F005B01B2 /* Assets.xcassets */,
				CCD6C2CD1CBACB4F005B01B2 /* LaunchScreen.storyboard */,
				CCD6C2D01CBACB4F005B01B2 /* Info.plist */,
				CC0955F21CBC620000B6A389 /* ScrollerViewController.swift */,
			);
			path = Hour09Scroller;
			sourceTree = "<group>";
		};
		CCD6C2D81CBACB4F005B01B2 /* Hour09ScrollerTests */ = {
			isa = PBXGroup;
			children = (
				CCD6C2D91CBACB4F005B01B2 /* Hour09ScrollerTests.swift */,
				CCD6C2DB1CBACB4F005B01B2 /* Info.plist */,
			);
			path = Hour09ScrollerTests;
			sourceTree = "<group>";
		};
/* End PBXGroup section */

/* Begin PBXNativeTarget section */
		CCD6C2C01CBACB4F005B01B2 /* Hour09Scroller */ = {
			isa = PBXNativeTarget;
			buildConfigurationList = CCD6C2DE1CBACB4F005B01B2 /* Build configuration list for PBXNativeTarget "Hour09Scroller" */;
			buildPhases = (
				CCD6C2BD1CBACB4F005B01B2 /* Sources */,
				CCD6C2BE1CBACB4F005B01B2 /* Frameworks */,
				CCD6C2BF1CBACB4F005B01B2 /* Resources */,
			);
			buildRules = (
			);
			dependencies = (
			);
			name = Hour09Scroller;
			productName = Hour09Scroller;
			productReference = CCD6C2C11CBACB4F005B01B2 /* Hour09Scroller.app */;
			productType = "com.apple.product-type.application";
		};
		CCD6C2D41CBACB4F005B01B2 /* Hour09ScrollerTests */ = {
			isa = PBXNativeTarget;
			buildConfigurationList = CCD6C2E11CBACB4F005B01B2 /* Build configuration list for PBXNativeTarget "Hour09ScrollerTests" */;
			buildPhases = (
				CCD6C2D11CBACB4F005B01B2 /* Sources */,
				CCD6C2D21CBACB4F005B01B2 /* Frameworks */,
				CCD6C2D31CBACB4F005B01B2 /* Resources */,
			);
			buildRules = (
			);
			dependencies = (
				CCD6C2D71CBACB4F005B01B2 /* PBXTargetDependency */,
			);
			name = Hour09ScrollerTests;
			productName = Hour09ScrollerTests;
			productReference = CCD6C2D51CBACB4F005B01B2 /* Hour09ScrollerTests.xctest */;
			productType = "com.apple.product-type.bundle.unit-test";
		};
/* End PBXNativeTarget section */

/* Begin PBXProject section */
		CCD6C2B91CBACB4F005B01B2 /* Project object */ = {
			isa = PBXProject;
			attributes = {
				LastSwiftUpdateCheck = 0730;
				LastUpgradeCheck = 0730;
				ORGANIZATIONNAME = "Samuel A WINFUL";
				TargetAttributes = {
					CCD6C2C01CBACB4F005B01B2 = {
						CreatedOnToolsVersion = 7.3;
					};
					CCD6C2D41CBACB4F005B01B2 = {
						CreatedOnToolsVersion = 7.3;
						TestTargetID = CCD6C2C01CBACB4F005B01B2;
					};
				};
			};
			buildConfigurationList = CCD6C2BC1CBACB4F005B01B2 /* Build configuration list for PBXProject "Hour09Scroller" */;
			compatibilityVersion = "Xcode 3.2";
			developmentRegion = English;
			hasScannedForEncodings = 0;
			knownRegions = (
				en,
				Base,
			);
			mainGroup = CCD6C2B81CBACB4F005B01B2;
			productRefGroup = CCD6C2C21CBACB4F005B01B2 /* Products */;
			projectDirPath = "";
			projectRoot = "";
			targets = (
				CCD6C2C01CBACB4F005B01B2 /* Hour09Scroller */,
				CCD6C2D41CBACB4F005B01B2 /* Hour09ScrollerTests */,
			);
		};
/* End PBXProject section */

/* Begin PBXResourcesBuildPhase section */
		CCD6C2BF1CBACB4F005B01B2 /* Resources */ = {
			isa = PBXResourcesBuildPhase;
			buildActionMask = 2147483647;
			files = (
				CCD6C2CF1CBACB4F005B01B2 /* LaunchScreen.storyboard in Resources */,
				CCD6C2CC1CBACB4F005B01B2 /* Assets.xcassets in Resources */,
				CCD6C2CA1CBACB4F005B01B2 /* Main.storyboard in Resources */,
			);
			runOnlyForDeploymentPostprocessing = 0;
		};
		CCD6C2D31CBACB4F005B01B2 /* Resources */ = {
			isa = PBXResourcesBuildPhase;
			buildActionMask = 2147483647;
			files = (
			);
			runOnlyForDeploymentPostprocessing = 0;
		};
/* End PBXResourcesBuildPhase section */

/* Begin PBXSourcesBuildPhase section */
		CCD6C2BD1CBACB4F005B01B2 /* Sources */ = {
			isa = PBXSourcesBuildPhase;
			buildActionMask = 2147483647;
			files = (
				CC0955F31CBC620000B6A389 /* ScrollerViewController.swift in Sources */,
				CCD6C2C51CBACB4F005B01B2 /* AppDelegate.swift in Sources */,
			);
			runOnlyForDeploymentPostprocessing = 0;
		};
		CCD6C2D11CBACB4F005B01B2 /* Sources */ = {
			isa = PBXSourcesBuildPhase;
			buildActionMask = 2147483647;
			files = (
				CCD6C2DA1CBACB4F005B01B2 /* Hour09ScrollerTests.swift in Sources */,
			);
			runOnlyForDeploymentPostprocessing = 0;
		};
/* End PBXSourcesBuildPhase section */

/* Begin PBXTargetDependency section */
		CCD6C2D71CBACB4F005B01B2 /* PBXTargetDependency */ = {
			isa = PBXTargetDependency;
			target = CCD6C2C01CBACB4F005B01B2 /* Hour09Scroller */;
			targetProxy = CCD6C2D61CBACB4F005B01B2 /* PBXContainerItemProxy */;
		};
/* End PBXTargetDependency section */

/* Begin PBXVariantGroup section */
		CCD6C2C81CBACB4F005B01B2 /* Main.storyboard */ = {
			isa = PBXVariantGroup;
			children = (
				CCD6C2C91CBACB4F005B01B2 /* Base */,
			);
			name = Main.storyboard;
			sourceTree = "<group>";
		};
		CCD6C2CD1CBACB4F005B01B2 /* LaunchScreen.storyboard */ = {
			isa = PBXVariantGroup;
			children = (
				CCD6C2CE1CBACB4F005B01B2 /* Base */,
			);
			name = LaunchScreen.storyboard;
			sourceTree = "<group>";
		};
/* End PBXVariantGroup section */

/* Begin XCBuildConfiguration section */
		CCD6C2DC1CBACB4F005B01B2 /* Debug */ = {
			isa = XCBuildConfiguration;
			buildSettings = {
				ALWAYS_SEARCH_USER_PATHS = NO;
				CLANG_ANALYZER_NONNULL = YES;
				CLANG_CXX_LANGUAGE_STANDARD = "gnu++0x";
				CLANG_CXX_LIBRARY = "libc++";
				CLANG_ENABLE_MODULES = YES;
				CLANG_ENABLE_OBJC_ARC = YES;
				CLANG_WARN_BOOL_CONVERSION = YES;
				CLANG_WARN_CONSTANT_CONVERSION = YES;
				CLANG_WARN_DIRECT_OBJC_ISA_USAGE = YES_ERROR;
				CLANG_WARN_EMPTY_BODY = YES;
				CLANG_WARN_ENUM_CONVERSION = YES;
				CLANG_WARN_INT_CONVERSION = YES;
				CLANG_WARN_OBJC_ROOT_CLASS = YES_ERROR;
				CLANG_WARN_UNREACHABLE_CODE = YES;
				CLANG_WARN__DUPLICATE_METHOD_MATCH = YES;
				"CODE_SIGN_IDENTITY[sdk=iphoneos*]" = "iPhone Developer";
				COPY_PHASE_STRIP = NO;
				DEBUG_INFORMATION_FORMAT = dwarf;
				ENABLE_STRICT_OBJC_MSGSEND = YES;
				ENABLE_TESTABILITY = YES;
				GCC_C_LANGUAGE_STANDARD = gnu99;
				GCC_DYNAMIC_NO_PIC = NO;
				GCC_NO_COMMON_BLOCKS = YES;
				GCC_OPTIMIZATION_LEVEL = 0;
				GCC_PREPROCESSOR_DEFINITIONS = (
					"DEBUG=1",
					"$(inherited)",
				);
				GCC_WARN_64_TO_32_BIT_CONVERSION = YES;
				GCC_WARN_ABOUT_RETURN_TYPE = YES_ERROR;
				GCC_WARN_UNDECLARED_SELECTOR = YES;
				GCC_WARN_UNINITIALIZED_AUTOS = YES_AGGRESSIVE;
				GCC_WARN_UNUSED_FUNCTION = YES;
				GCC_WARN_UNUSED_VARIABLE = YES;
				IPHONEOS_DEPLOYMENT_TARGET = 9.3;
				MTL_ENABLE_DEBUG_INFO = YES;
				ONLY_ACTIVE_ARCH = YES;
				SDKROOT = iphoneos;
				SWIFT_OPTIMIZATION_LEVEL = "-Onone";
				TARGETED_DEVICE_FAMILY = "1,2";
			};
			name = Debug;
		};
		CCD6C2DD1CBACB4F005B01B2 /* Release */ = {
			isa = XCBuildConfiguration;
			buildSettings = {
				ALWAYS_SEARCH_USER_PATHS = NO;
				CLANG_ANALYZER_NONNULL = YES;
				CLANG_CXX_LANGUAGE_STANDARD = "gnu++0x";
				CLANG_CXX_LIBRARY = "libc++";
				CLANG_ENABLE_MODULES = YES;
				CLANG_ENABLE_OBJC_ARC = YES;
				CLANG_WARN_BOOL_CONVERSION = YES;
				CLANG_WARN_CONSTANT_CONVERSION = YES;
				CLANG_WARN_DIRECT_OBJC_ISA_USAGE = YES_ERROR;
				CLANG_WARN_EMPTY_BODY = YES;
				CLANG_WARN_ENUM_CONVERSION = YES;
				CLANG_WARN_INT_CONVERSION = YES;
				CLANG_WARN_OBJC_ROOT_CLASS = YES_ERROR;
				CLANG_WARN_UNREACHABLE_CODE = YES;
				CLANG_WARN__DUPLICATE_METHOD_MATCH = YES;
				"CODE_SIGN_IDENTITY[sdk=iphoneos*]" = "iPhone Developer";
				COPY_PHASE_STRIP = NO;
				DEBUG_INFORMATION_FORMAT = "dwarf-with-dsym";
				ENABLE_NS_ASSERTIONS = NO;
				ENABLE_STRICT_OBJC_MSGSEND = YES;
				GCC_C_LANGUAGE_STANDARD = gnu99;
				GCC_NO_COMMON_BLOCKS = YES;
				GCC_WARN_64_TO_32_BIT_CONVERSION = YES;
				GCC_WARN_ABOUT_RETURN_TYPE = YES_ERROR;
				GCC_WARN_UNDECLARED_SELECTOR = YES;
				GCC_WARN_UNINITIALIZED_AUTOS = YES_AGGRESSIVE;
				GCC_WARN_UNUSED_FUNCTION = YES;
				GCC_WARN_UNUSED_VARIABLE = YES;
				IPHONEOS_DEPLOYMENT_TARGET = 9.3;
				MTL_ENABLE_DEBUG_INFO = NO;
				SDKROOT = iphoneos;
				TARGETED_DEVICE_FAMILY = "1,2";
				VALIDATE_PRODUCT = YES;
			};
			name = Release;
		};
		CCD6C2DF1CBACB4F005B01B2 /* Debug */ = {
			isa = XCBuildConfiguration;
			buildSettings = {
				ASSETCATALOG_COMPILER_APPICON_NAME = AppIcon;
				INFOPLIST_FILE = Hour09Scroller/Info.plist;
				LD_RUNPATH_SEARCH_PATHS = "$(inherited) @executable_path/Frameworks";
				PRODUCT_BUNDLE_IDENTIFIER = com.winful.samuel.a.Hour09Scroller;
				PRODUCT_NAME = "$(TARGET_NAME)";
			};
			name = Debug;
		};
		CCD6C2E01CBACB4F005B01B2 /* Release */ = {
			isa = XCBuildConfiguration;
			buildSettings = {
				ASSETCATALOG_COMPILER_APPICON_NAME = AppIcon;
				INFOPLIST_FILE = Hour09Scroller/Info.plist;
				LD_RUNPATH_SEARCH_PATHS = "$(inherited) @executable_path/Frameworks";
				PRODUCT_BUNDLE_IDENTIFIER = com.winful.samuel.a.Hour09Scroller;
				PRODUCT_NAME = "$(TARGET_NAME)";
			};
			name = Release;
		};
		CCD6C2E21CBACB4F005B01B2 /* Debug */ = {
			isa = XCBuildConfiguration;
			buildSettings = {
				BUNDLE_LOADER = "$(TEST_HOST)";
				INFOPLIST_FILE = Hour09ScrollerTests/Info.plist;
				LD_RUNPATH_SEARCH_PATHS = "$(inherited) @executable_path/Frameworks @loader_path/Frameworks";
				PRODUCT_BUNDLE_IDENTIFIER = com.winful.samuel.a.Hour09ScrollerTests;
				PRODUCT_NAME = "$(TARGET_NAME)";
				TEST_HOST = "$(BUILT_PRODUCTS_DIR)/Hour09Scroller.app/Hour09Scroller";
			};
			name = Debug;
		};
		CCD6C2E31CBACB4F005B01B2 /* Release */ = {
			isa = XCBuildConfiguration;
			buildSettings = {
				BUNDLE_LOADER = "$(TEST_HOST)";
				INFOPLIST_FILE = Hour09ScrollerTests/Info.plist;
				LD_RUNPATH_SEARCH_PATHS = "$(inherited) @executable_path/Frameworks @loader_path/Frameworks";
				PRODUCT_BUNDLE_IDENTIFIER = com.winful.samuel.a.Hour09ScrollerTests;
				PRODUCT_NAME = "$(TARGET_NAME)";
				TEST_HOST = "$(BUILT_PRODUCTS_DIR)/Hour09Scroller.app/Hour09Scroller";
			};
			name = Release;
		};
/* End XCBuildConfiguration section */

/* Begin XCConfigurationList section */
		CCD6C2BC1CBACB4F005B01B2 /* Build configuration list for PBXProject "Hour09Scroller" */ = {
			isa = XCConfigurationList;
			buildConfigurations = (
				CCD6C2DC1CBACB4F005B01B2 /* Debug */,
				CCD6C2DD1CBACB4F005B01B2 /* Release */,
			);
			defaultConfigurationIsVisible = 0;
			defaultConfigurationName = Release;
		};
		CCD6C2DE1CBACB4F005B01B2 /* Build configuration list for PBXNativeTarget "Hour09Scroller" */ = {
			isa = XCConfigurationList;
			buildConfigurations = (
				CCD6C2DF1CBACB4F005B01B2 /* Debug */,
				CCD6C2E01CBACB4F005B01B2 /* Release */,
			);
			defaultConfigurationIsVisible = 0;
			defaultConfigurationName = Release;
		};
		CCD6C2E11CBACB4F005B01B2 /* Build configuration list for PBXNativeTarget "Hour09ScrollerTests" */ = {
			isa = XCConfigurationList;
			buildConfigurations = (
				CCD6C2E21CBACB4F005B01B2 /* Debug */,
				CCD6C2E31CBACB4F005B01B2 /* Release */,
			);
			defaultConfigurationIsVisible = 0;
			defaultConfigurationName = Release;
		};
/* End XCConfigurationList section */
	};
	rootObject = CCD6C2B91CBACB4F005B01B2 /* Project object */;
}
